
Microsoft Visual Studio Solution File, Format Version 12.00
# Visual Studio Version 16
VisualStudioVersion = 16.0.30406.217
MinimumVisualStudioVersion = 10.0.40219.1
Project("{9A19103F-16F7-4668-BE54-9A1E7A4F7556}") = "WebAPI.CasaDoCodigo", "WebAPI.CasaDoCodigo\WebAPI.CasaDoCodigo.csproj", "{C747520F-45A3-41F6-A222-4B746D36AAEF}"
EndProject
Project("{9A19103F-16F7-4668-BE54-9A1E7A4F7556}") = "CasaDoCodigo.IdentityServer", "CasaDoCodigo.IdentityServer\CasaDoCodigo.IdentityServer.csproj", "{B86A1F1D-7A57-419B-BD77-C1D2459C17F0}"
EndProject
Project("{9A19103F-16F7-4668-BE54-9A1E7A4F7556}") = "CasaDoCodigo.MVC", "CasaDoCodigo\CasaDoCodigo.MVC.csproj", "{537894ED-8315-4571-AC0B-351C1F165F4E}"
EndProject
Global
	GlobalSection(SolutionConfigurationPlatforms) = preSolution
		Debug|Any CPU = Debug|Any CPU
		Release|Any CPU = Release|Any CPU
	EndGlobalSection
	GlobalSection(ProjectConfigurationPlatforms) = postSolution
		{C747520F-45A3-41F6-A222-4B746D36AAEF}.Debug|Any CPU.ActiveCfg = Debug|Any CPU
		{C747520F-45A3-41F6-A222-4B746D36AAEF}.Debug|Any CPU.Build.0 = Debug|Any CPU
		{C747520F-45A3-41F6-A222-4B746D36AAEF}.Release|Any CPU.ActiveCfg = Release|Any CPU
		{C747520F-45A3-41F6-A222-4B746D36AAEF}.Release|Any CPU.Build.0 = Release|Any CPU
		{B86A1F1D-7A57-419B-BD77-C1D2459C17F0}.Debug|Any CPU.ActiveCfg = Debug|Any CPU
		{B86A1F1D-7A57-419B-BD77-C1D2459C17F0}.Debug|Any CPU.Build.0 = Debug|Any CPU
		{B86A1F1D-7A57-419B-BD77-C1D2459C17F0}.Release|Any CPU.ActiveCfg = Release|Any CPU
		{B86A1F1D-7A57-419B-BD77-C1D2459C17F0}.Release|Any CPU.Build.0 = Release|Any CPU
		{537894ED-8315-4571-AC0B-351C1F165F4E}.Debug|Any CPU.ActiveCfg = Debug|Any CPU
		{537894ED-8315-4571-AC0B-351C1F165F4E}.Debug|Any CPU.Build.0 = Debug|Any CPU
		{537894ED-8315-4571-AC0B-351C1F165F4E}.Release|Any CPU.ActiveCfg = Release|Any CPU
		{537894ED-8315-4571-AC0B-351C1F165F4E}.Release|Any CPU.Build.0 = Release|Any CPU
	EndGlobalSection
	GlobalSection(SolutionProperties) = preSolution
		HideSolutionNode = FALSE
	EndGlobalSection
	GlobalSection(ExtensibilityGlobals) = postSolution
		SolutionGuid = {E6252B83-4D85-46E0-9FC0-818D66E88BF6}
	EndGlobalSection
EndGlobal
