
Microsoft Visual Studio Solution File, Format Version 12.00
# Visual Studio Version 16
VisualStudioVersion = 16.0.30406.217
MinimumVisualStudioVersion = 10.0.40219.1
Project("{9A19103F-16F7-4668-BE54-9A1E7A4F7556}") = "CasaDoCodigo.MVC", "CasaDoCodigo\CasaDoCodigo.MVC.csproj", "{993B65BA-04E5-45D1-8248-B8FBA991491D}"
EndProject
Global
	GlobalSection(SolutionConfigurationPlatforms) = preSolution
		Debug|Any CPU = Debug|Any CPU
		Release|Any CPU = Release|Any CPU
	EndGlobalSection
	GlobalSection(ProjectConfigurationPlatforms) = postSolution
		{993B65BA-04E5-45D1-8248-B8FBA991491D}.Debug|Any CPU.ActiveCfg = Debug|Any CPU
		{993B65BA-04E5-45D1-8248-B8FBA991491D}.Debug|Any CPU.Build.0 = Debug|Any CPU
		{993B65BA-04E5-45D1-8248-B8FBA991491D}.Release|Any CPU.ActiveCfg = Release|Any CPU
		{993B65BA-04E5-45D1-8248-B8FBA991491D}.Release|Any CPU.Build.0 = Release|Any CPU
	EndGlobalSection
	GlobalSection(SolutionProperties) = preSolution
		HideSolutionNode = FALSE
	EndGlobalSection
	GlobalSection(ExtensibilityGlobals) = postSolution
		SolutionGuid = {E6252B83-4D85-46E0-9FC0-818D66E88BF6}
	EndGlobalSection
EndGlobal
